
Microsoft Visual Studio Solution File, Format Version 12.00
# Visual Studio 14
VisualStudioVersion = 14.0.25123.0
MinimumVisualStudioVersion = 10.0.40219.1
Project("{FAE04EC0-301F-11D3-BF4B-00C04F79EFBC}") = "RSS_Feed_Ticker_Reader.Droid", "RSS-Feed-Ticker-Reader\RSS_Feed_Ticker_Reader.Droid\RSS_Feed_Ticker_Reader.Droid.csproj", "{AD0E2D70-66CE-498E-B21C-F571E90D49BF}"
EndProject
Project("{FAE04EC0-301F-11D3-BF4B-00C04F79EFBC}") = "RSS_Feed_Ticker_Reader.iOS", "RSS-Feed-Ticker-Reader\RSS_Feed_Ticker_Reader.iOS\RSS_Feed_Ticker_Reader.iOS.csproj", "{DF52BBD7-818A-4545-B07A-7F14138E0DA8}"
EndProject
Project("{FAE04EC0-301F-11D3-BF4B-00C04F79EFBC}") = "RSS_Feed_Ticker_Reader.WinPhone", "RSS-Feed-Ticker-Reader\RSS_Feed_Ticker_Reader.WinPhone\RSS_Feed_Ticker_Reader.WinPhone.csproj", "{D9D93F5B-2CD2-4AEB-B86D-0AFB83D1B670}"
EndProject
Project("{FAE04EC0-301F-11D3-BF4B-00C04F79EFBC}") = "RSS_Feed_Ticker_Reader", "RSS-Feed-Ticker-Reader\RSS_Feed_Ticker_Reader\RSS_Feed_Ticker_Reader.csproj", "{5EE7003D-69BE-44F9-9CBD-300607851A24}"
EndProject
Project("{FAE04EC0-301F-11D3-BF4B-00C04F79EFBC}") = "RSS_Feed_Ticker_Reader.Desktop", "RSS-Feed-Ticker-Reader\RSS_Feed_Ticker_Reader.Desktop\RSS_Feed_Ticker_Reader.Desktop.csproj", "{8A6A9450-7A98-4B4A-A9D8-372484477041}"
EndProject
Project("{FAE04EC0-301F-11D3-BF4B-00C04F79EFBC}") = "RSS_Feed_Ticker_Reader.Console", "RSS-Feed-Ticker-Reader\RSS_Feed_Ticker_Reader.Console\RSS_Feed_Ticker_Reader.Console.csproj", "{F40D7C01-0948-4479-9716-AFC3325544C1}"
EndProject
Global
	GlobalSection(SolutionConfigurationPlatforms) = preSolution
		Debug|Any CPU = Debug|Any CPU
		Debug|ARM = Debug|ARM
		Debug|iPhone = Debug|iPhone
		Debug|iPhoneSimulator = Debug|iPhoneSimulator
		Debug|x86 = Debug|x86
		Release|Any CPU = Release|Any CPU
		Release|ARM = Release|ARM
		Release|iPhone = Release|iPhone
		Release|iPhoneSimulator = Release|iPhoneSimulator
		Release|x86 = Release|x86
	EndGlobalSection
	GlobalSection(ProjectConfigurationPlatforms) = postSolution
		{AD0E2D70-66CE-498E-B21C-F571E90D49BF}.Debug|Any CPU.ActiveCfg = Debug|Any CPU
		{AD0E2D70-66CE-498E-B21C-F571E90D49BF}.Debug|Any CPU.Build.0 = Debug|Any CPU
		{AD0E2D70-66CE-498E-B21C-F571E90D49BF}.Debug|Any CPU.Deploy.0 = Debug|Any CPU
		{AD0E2D70-66CE-498E-B21C-F571E90D49BF}.Debug|ARM.ActiveCfg = Debug|Any CPU
		{AD0E2D70-66CE-498E-B21C-F571E90D49BF}.Debug|ARM.Build.0 = Debug|Any CPU
		{AD0E2D70-66CE-498E-B21C-F571E90D49BF}.Debug|ARM.Deploy.0 = Debug|Any CPU
		{AD0E2D70-66CE-498E-B21C-F571E90D49BF}.Debug|iPhone.ActiveCfg = Debug|Any CPU
		{AD0E2D70-66CE-498E-B21C-F571E90D49BF}.Debug|iPhone.Build.0 = Debug|Any CPU
		{AD0E2D70-66CE-498E-B21C-F571E90D49BF}.Debug|iPhone.Deploy.0 = Debug|Any CPU
		{AD0E2D70-66CE-498E-B21C-F571E90D49BF}.Debug|iPhoneSimulator.ActiveCfg = Debug|Any CPU
		{AD0E2D70-66CE-498E-B21C-F571E90D49BF}.Debug|iPhoneSimulator.Build.0 = Debug|Any CPU
		{AD0E2D70-66CE-498E-B21C-F571E90D49BF}.Debug|iPhoneSimulator.Deploy.0 = Debug|Any CPU
		{AD0E2D70-66CE-498E-B21C-F571E90D49BF}.Debug|x86.ActiveCfg = Debug|Any CPU
		{AD0E2D70-66CE-498E-B21C-F571E90D49BF}.Debug|x86.Build.0 = Debug|Any CPU
		{AD0E2D70-66CE-498E-B21C-F571E90D49BF}.Debug|x86.Deploy.0 = Debug|Any CPU
		{AD0E2D70-66CE-498E-B21C-F571E90D49BF}.Release|Any CPU.ActiveCfg = Release|Any CPU
		{AD0E2D70-66CE-498E-B21C-F571E90D49BF}.Release|Any CPU.Build.0 = Release|Any CPU
		{AD0E2D70-66CE-498E-B21C-F571E90D49BF}.Release|Any CPU.Deploy.0 = Release|Any CPU
		{AD0E2D70-66CE-498E-B21C-F571E90D49BF}.Release|ARM.ActiveCfg = Release|Any CPU
		{AD0E2D70-66CE-498E-B21C-F571E90D49BF}.Release|ARM.Build.0 = Release|Any CPU
		{AD0E2D70-66CE-498E-B21C-F571E90D49BF}.Release|ARM.Deploy.0 = Release|Any CPU
		{AD0E2D70-66CE-498E-B21C-F571E90D49BF}.Release|iPhone.ActiveCfg = Release|Any CPU
		{AD0E2D70-66CE-498E-B21C-F571E90D49BF}.Release|iPhone.Build.0 = Release|Any CPU
		{AD0E2D70-66CE-498E-B21C-F571E90D49BF}.Release|iPhone.Deploy.0 = Release|Any CPU
		{AD0E2D70-66CE-498E-B21C-F571E90D49BF}.Release|iPhoneSimulator.ActiveCfg = Release|Any CPU
		{AD0E2D70-66CE-498E-B21C-F571E90D49BF}.Release|iPhoneSimulator.Build.0 = Release|Any CPU
		{AD0E2D70-66CE-498E-B21C-F571E90D49BF}.Release|iPhoneSimulator.Deploy.0 = Release|Any CPU
		{AD0E2D70-66CE-498E-B21C-F571E90D49BF}.Release|x86.ActiveCfg = Release|Any CPU
		{AD0E2D70-66CE-498E-B21C-F571E90D49BF}.Release|x86.Build.0 = Release|Any CPU
		{AD0E2D70-66CE-498E-B21C-F571E90D49BF}.Release|x86.Deploy.0 = Release|Any CPU
		{DF52BBD7-818A-4545-B07A-7F14138E0DA8}.Debug|Any CPU.ActiveCfg = Debug|iPhone
		{DF52BBD7-818A-4545-B07A-7F14138E0DA8}.Debug|ARM.ActiveCfg = Debug|iPhone
		{DF52BBD7-818A-4545-B07A-7F14138E0DA8}.Debug|iPhone.ActiveCfg = Debug|iPhone
		{DF52BBD7-818A-4545-B07A-7F14138E0DA8}.Debug|iPhone.Build.0 = Debug|iPhone
		{DF52BBD7-818A-4545-B07A-7F14138E0DA8}.Debug|iPhoneSimulator.ActiveCfg = Debug|iPhoneSimulator
		{DF52BBD7-818A-4545-B07A-7F14138E0DA8}.Debug|iPhoneSimulator.Build.0 = Debug|iPhoneSimulator
		{DF52BBD7-818A-4545-B07A-7F14138E0DA8}.Debug|x86.ActiveCfg = Debug|iPhone
		{DF52BBD7-818A-4545-B07A-7F14138E0DA8}.Release|Any CPU.ActiveCfg = Release|iPhone
		{DF52BBD7-818A-4545-B07A-7F14138E0DA8}.Release|ARM.ActiveCfg = Release|iPhone
		{DF52BBD7-818A-4545-B07A-7F14138E0DA8}.Release|iPhone.ActiveCfg = Release|iPhone
		{DF52BBD7-818A-4545-B07A-7F14138E0DA8}.Release|iPhone.Build.0 = Release|iPhone
		{DF52BBD7-818A-4545-B07A-7F14138E0DA8}.Release|iPhoneSimulator.ActiveCfg = Release|iPhoneSimulator
		{DF52BBD7-818A-4545-B07A-7F14138E0DA8}.Release|iPhoneSimulator.Build.0 = Release|iPhoneSimulator
		{DF52BBD7-818A-4545-B07A-7F14138E0DA8}.Release|x86.ActiveCfg = Release|iPhone
		{D9D93F5B-2CD2-4AEB-B86D-0AFB83D1B670}.Debug|Any CPU.ActiveCfg = Debug|Any CPU
		{D9D93F5B-2CD2-4AEB-B86D-0AFB83D1B670}.Debug|Any CPU.Build.0 = Debug|Any CPU
		{D9D93F5B-2CD2-4AEB-B86D-0AFB83D1B670}.Debug|Any CPU.Deploy.0 = Debug|Any CPU
		{D9D93F5B-2CD2-4AEB-B86D-0AFB83D1B670}.Debug|ARM.ActiveCfg = Debug|ARM
		{D9D93F5B-2CD2-4AEB-B86D-0AFB83D1B670}.Debug|ARM.Build.0 = Debug|ARM
		{D9D93F5B-2CD2-4AEB-B86D-0AFB83D1B670}.Debug|ARM.Deploy.0 = Debug|ARM
		{D9D93F5B-2CD2-4AEB-B86D-0AFB83D1B670}.Debug|iPhone.ActiveCfg = Debug|Any CPU
		{D9D93F5B-2CD2-4AEB-B86D-0AFB83D1B670}.Debug|iPhone.Build.0 = Debug|Any CPU
		{D9D93F5B-2CD2-4AEB-B86D-0AFB83D1B670}.Debug|iPhone.Deploy.0 = Debug|Any CPU
		{D9D93F5B-2CD2-4AEB-B86D-0AFB83D1B670}.Debug|iPhoneSimulator.ActiveCfg = Debug|Any CPU
		{D9D93F5B-2CD2-4AEB-B86D-0AFB83D1B670}.Debug|iPhoneSimulator.Build.0 = Debug|Any CPU
		{D9D93F5B-2CD2-4AEB-B86D-0AFB83D1B670}.Debug|iPhoneSimulator.Deploy.0 = Debug|Any CPU
		{D9D93F5B-2CD2-4AEB-B86D-0AFB83D1B670}.Debug|x86.ActiveCfg = Debug|x86
		{D9D93F5B-2CD2-4AEB-B86D-0AFB83D1B670}.Debug|x86.Build.0 = Debug|x86
		{D9D93F5B-2CD2-4AEB-B86D-0AFB83D1B670}.Debug|x86.Deploy.0 = Debug|x86
		{D9D93F5B-2CD2-4AEB-B86D-0AFB83D1B670}.Release|Any CPU.ActiveCfg = Release|Any CPU
		{D9D93F5B-2CD2-4AEB-B86D-0AFB83D1B670}.Release|Any CPU.Build.0 = Release|Any CPU
		{D9D93F5B-2CD2-4AEB-B86D-0AFB83D1B670}.Release|Any CPU.Deploy.0 = Release|Any CPU
		{D9D93F5B-2CD2-4AEB-B86D-0AFB83D1B670}.Release|ARM.ActiveCfg = Release|ARM
		{D9D93F5B-2CD2-4AEB-B86D-0AFB83D1B670}.Release|ARM.Build.0 = Release|ARM
		{D9D93F5B-2CD2-4AEB-B86D-0AFB83D1B670}.Release|ARM.Deploy.0 = Release|ARM
		{D9D93F5B-2CD2-4AEB-B86D-0AFB83D1B670}.Release|iPhone.ActiveCfg = Release|Any CPU
		{D9D93F5B-2CD2-4AEB-B86D-0AFB83D1B670}.Release|iPhone.Build.0 = Release|Any CPU
		{D9D93F5B-2CD2-4AEB-B86D-0AFB83D1B670}.Release|iPhone.Deploy.0 = Release|Any CPU
		{D9D93F5B-2CD2-4AEB-B86D-0AFB83D1B670}.Release|iPhoneSimulator.ActiveCfg = Release|Any CPU
		{D9D93F5B-2CD2-4AEB-B86D-0AFB83D1B670}.Release|iPhoneSimulator.Build.0 = Release|Any CPU
		{D9D93F5B-2CD2-4AEB-B86D-0AFB83D1B670}.Release|iPhoneSimulator.Deploy.0 = Release|Any CPU
		{D9D93F5B-2CD2-4AEB-B86D-0AFB83D1B670}.Release|x86.ActiveCfg = Release|x86
		{D9D93F5B-2CD2-4AEB-B86D-0AFB83D1B670}.Release|x86.Build.0 = Release|x86
		{D9D93F5B-2CD2-4AEB-B86D-0AFB83D1B670}.Release|x86.Deploy.0 = Release|x86
		{5EE7003D-69BE-44F9-9CBD-300607851A24}.Debug|Any CPU.ActiveCfg = Debug|Any CPU
		{5EE7003D-69BE-44F9-9CBD-300607851A24}.Debug|Any CPU.Build.0 = Debug|Any CPU
		{5EE7003D-69BE-44F9-9CBD-300607851A24}.Debug|ARM.ActiveCfg = Debug|Any CPU
		{5EE7003D-69BE-44F9-9CBD-300607851A24}.Debug|ARM.Build.0 = Debug|Any CPU
		{5EE7003D-69BE-44F9-9CBD-300607851A24}.Debug|iPhone.ActiveCfg = Debug|Any CPU
		{5EE7003D-69BE-44F9-9CBD-300607851A24}.Debug|iPhone.Build.0 = Debug|Any CPU
		{5EE7003D-69BE-44F9-9CBD-300607851A24}.Debug|iPhoneSimulator.ActiveCfg = Debug|Any CPU
		{5EE7003D-69BE-44F9-9CBD-300607851A24}.Debug|iPhoneSimulator.Build.0 = Debug|Any CPU
		{5EE7003D-69BE-44F9-9CBD-300607851A24}.Debug|x86.ActiveCfg = Debug|Any CPU
		{5EE7003D-69BE-44F9-9CBD-300607851A24}.Debug|x86.Build.0 = Debug|Any CPU
		{5EE7003D-69BE-44F9-9CBD-300607851A24}.Release|Any CPU.ActiveCfg = Release|Any CPU
		{5EE7003D-69BE-44F9-9CBD-300607851A24}.Release|Any CPU.Build.0 = Release|Any CPU
		{5EE7003D-69BE-44F9-9CBD-300607851A24}.Release|ARM.ActiveCfg = Release|Any CPU
		{5EE7003D-69BE-44F9-9CBD-300607851A24}.Release|ARM.Build.0 = Release|Any CPU
		{5EE7003D-69BE-44F9-9CBD-300607851A24}.Release|iPhone.ActiveCfg = Release|Any CPU
		{5EE7003D-69BE-44F9-9CBD-300607851A24}.Release|iPhone.Build.0 = Release|Any CPU
		{5EE7003D-69BE-44F9-9CBD-300607851A24}.Release|iPhoneSimulator.ActiveCfg = Release|Any CPU
		{5EE7003D-69BE-44F9-9CBD-300607851A24}.Release|iPhoneSimulator.Build.0 = Release|Any CPU
		{5EE7003D-69BE-44F9-9CBD-300607851A24}.Release|x86.ActiveCfg = Release|Any CPU
		{5EE7003D-69BE-44F9-9CBD-300607851A24}.Release|x86.Build.0 = Release|Any CPU
		{8A6A9450-7A98-4B4A-A9D8-372484477041}.Debug|Any CPU.ActiveCfg = Debug|Any CPU
		{8A6A9450-7A98-4B4A-A9D8-372484477041}.Debug|Any CPU.Build.0 = Debug|Any CPU
		{8A6A9450-7A98-4B4A-A9D8-372484477041}.Debug|ARM.ActiveCfg = Debug|Any CPU
		{8A6A9450-7A98-4B4A-A9D8-372484477041}.Debug|ARM.Build.0 = Debug|Any CPU
		{8A6A9450-7A98-4B4A-A9D8-372484477041}.Debug|iPhone.ActiveCfg = Debug|Any CPU
		{8A6A9450-7A98-4B4A-A9D8-372484477041}.Debug|iPhone.Build.0 = Debug|Any CPU
		{8A6A9450-7A98-4B4A-A9D8-372484477041}.Debug|iPhoneSimulator.ActiveCfg = Debug|Any CPU
		{8A6A9450-7A98-4B4A-A9D8-372484477041}.Debug|iPhoneSimulator.Build.0 = Debug|Any CPU
		{8A6A9450-7A98-4B4A-A9D8-372484477041}.Debug|x86.ActiveCfg = Debug|Any CPU
		{8A6A9450-7A98-4B4A-A9D8-372484477041}.Debug|x86.Build.0 = Debug|Any CPU
		{8A6A9450-7A98-4B4A-A9D8-372484477041}.Release|Any CPU.ActiveCfg = Release|Any CPU
		{8A6A9450-7A98-4B4A-A9D8-372484477041}.Release|Any CPU.Build.0 = Release|Any CPU
		{8A6A9450-7A98-4B4A-A9D8-372484477041}.Release|ARM.ActiveCfg = Release|Any CPU
		{8A6A9450-7A98-4B4A-A9D8-372484477041}.Release|ARM.Build.0 = Release|Any CPU
		{8A6A9450-7A98-4B4A-A9D8-372484477041}.Release|iPhone.ActiveCfg = Release|Any CPU
		{8A6A9450-7A98-4B4A-A9D8-372484477041}.Release|iPhone.Build.0 = Release|Any CPU
		{8A6A9450-7A98-4B4A-A9D8-372484477041}.Release|iPhoneSimulator.ActiveCfg = Release|Any CPU
		{8A6A9450-7A98-4B4A-A9D8-372484477041}.Release|iPhoneSimulator.Build.0 = Release|Any CPU
		{8A6A9450-7A98-4B4A-A9D8-372484477041}.Release|x86.ActiveCfg = Release|Any CPU
		{8A6A9450-7A98-4B4A-A9D8-372484477041}.Release|x86.Build.0 = Release|Any CPU
		{F40D7C01-0948-4479-9716-AFC3325544C1}.Debug|Any CPU.ActiveCfg = Debug|Any CPU
		{F40D7C01-0948-4479-9716-AFC3325544C1}.Debug|Any CPU.Build.0 = Debug|Any CPU
		{F40D7C01-0948-4479-9716-AFC3325544C1}.Debug|ARM.ActiveCfg = Debug|Any CPU
		{F40D7C01-0948-4479-9716-AFC3325544C1}.Debug|ARM.Build.0 = Debug|Any CPU
		{F40D7C01-0948-4479-9716-AFC3325544C1}.Debug|iPhone.ActiveCfg = Debug|Any CPU
		{F40D7C01-0948-4479-9716-AFC3325544C1}.Debug|iPhone.Build.0 = Debug|Any CPU
		{F40D7C01-0948-4479-9716-AFC3325544C1}.Debug|iPhoneSimulator.ActiveCfg = Debug|Any CPU
		{F40D7C01-0948-4479-9716-AFC3325544C1}.Debug|iPhoneSimulator.Build.0 = Debug|Any CPU
		{F40D7C01-0948-4479-9716-AFC3325544C1}.Debug|x86.ActiveCfg = Debug|Any CPU
		{F40D7C01-0948-4479-9716-AFC3325544C1}.Debug|x86.Build.0 = Debug|Any CPU
		{F40D7C01-0948-4479-9716-AFC3325544C1}.Release|Any CPU.ActiveCfg = Release|Any CPU
		{F40D7C01-0948-4479-9716-AFC3325544C1}.Release|Any CPU.Build.0 = Release|Any CPU
		{F40D7C01-0948-4479-9716-AFC3325544C1}.Release|ARM.ActiveCfg = Release|Any CPU
		{F40D7C01-0948-4479-9716-AFC3325544C1}.Release|ARM.Build.0 = Release|Any CPU
		{F40D7C01-0948-4479-9716-AFC3325544C1}.Release|iPhone.ActiveCfg = Release|Any CPU
		{F40D7C01-0948-4479-9716-AFC3325544C1}.Release|iPhone.Build.0 = Release|Any CPU
		{F40D7C01-0948-4479-9716-AFC3325544C1}.Release|iPhoneSimulator.ActiveCfg = Release|Any CPU
		{F40D7C01-0948-4479-9716-AFC3325544C1}.Release|iPhoneSimulator.Build.0 = Release|Any CPU
		{F40D7C01-0948-4479-9716-AFC3325544C1}.Release|x86.ActiveCfg = Release|Any CPU
		{F40D7C01-0948-4479-9716-AFC3325544C1}.Release|x86.Build.0 = Release|Any CPU
	EndGlobalSection
	GlobalSection(SolutionProperties) = preSolution
		HideSolutionNode = FALSE
	EndGlobalSection
EndGlobal
